# This file is autogenerated, do not edit; changes may be undone by the next 'dep ensure'.


[[projects]]
  branch = "master"
  name = "github.com/SpaceStock/go-restify"
  packages = [".","enum","enum/onfailure","scenario"]
  revision = "bb2605e1a9a9ddb8c4604f77fe9fe777aab0a7df"

[[projects]]
  branch = "master"
  name = "github.com/buger/jsonparser"
  packages = ["."]
  revision = "1a29609e0929ccd5666069e2e7213c2c69fa4ac2"

[[projects]]
  name = "github.com/gobuffalo/envy"
  packages = ["."]
  revision = "3dbe4c98c1c77e4a8fac053251c262a85e048f21"
  version = "v1.9.0"

[[projects]]
  name = "github.com/gobuffalo/packd"
  packages = [".","internal/takeon/github.com/markbates/errx"]
  revision = "128b5da43f114d0f9af8b4bba549b02e3496dfa8"
  version = "v1.0.0"

[[projects]]
  name = "github.com/gobuffalo/packr"
  packages = ["."]
  revision = "4b4a3c432a2e5a17b4f14c971179b40021c67530"
  version = "v2.7.1"

[[projects]]
  name = "github.com/joho/godotenv"
  packages = ["."]
  revision = "23d116af351c84513e1946b527c88823e476be13"
  version = "v1.3.0"

[[projects]]
  branch = "master"
  name = "github.com/robertkrimen/otto"
  packages = [".","ast","dbg","file","parser","registry","token"]
  revision = "c382bd3c16ff2fef9b5fe0dd8bf4c4ec6bfe62c1"

[[projects]]
  name = "github.com/rogpeppe/go-internal"
  packages = ["modfile","module","semver"]
  revision = "bc89b17ba21ce5b8a495fa55a94e3fe32ecf4ed8"
  version = "v1.5.2"

[[projects]]
  name = "gopkg.in/sourcemap.v1"
  packages = [".","base64vlq"]
  revision = "6e83acea0053641eff084973fee085f0c193c61a"
  version = "v1.0.5"

[solve-meta]
  analyzer-name = "dep"
  analyzer-version = 1
  inputs-digest = "d5d20b11f661dad840f59b61c5f7b57d6d1b8c26e365ccda22fc994502589562"
  solver-name = "gps-cdcl"
  solver-version = 1
