# This file is autogenerated, do not edit; changes may be undone by the next 'dep ensure'.


[[projects]]
  digest = "1:dc2d015cfab982234a7f9f8746495e8f0cc12b841d2c78b7b4f82620855a1e5e"
  name = "github.com/SpaceStock/go-restify"
  packages = [
    ".",
    "enum",
    "enum/onfailure",
    "scenario",
  ]
  pruneopts = "UT"
  revision = "62e3a3bdc8c98e6f1a7495226b4fd5b7a0a69701"
  version = "0.1.3"

[[projects]]
  branch = "master"
  digest = "1:2fb6dca0feee2d4ffcd4862878ea75df7a64701ec7b2fb6ce74a8c5d418fca9c"
  name = "github.com/buger/jsonparser"
  packages = ["."]
  pruneopts = "UT"
  revision = "1a29609e0929ccd5666069e2e7213c2c69fa4ac2"

[[projects]]
  digest = "1:57ae8919194013fb07b8390fb8a32e700c12fdab96e8dc4bb15d5fe45dc43245"
  name = "github.com/gobuffalo/envy"
  packages = ["."]
  pruneopts = "UT"
  revision = "dc9565002201aca1286f8d6262f5cd568226562a"
  version = "v1.8.1"

[[projects]]
  digest = "1:40849e8495ef81a84ff335ef65e23d33671b61e60e9db464fbab55f19f43f120"
  name = "github.com/gobuffalo/packd"
  packages = [
    ".",
    "internal/takeon/github.com/markbates/errx",
  ]
  pruneopts = "UT"
  revision = "54ea459691466cfb630ccc276723fe3963f3e9d5"
  version = "v0.3.0"

[[projects]]
  digest = "1:daea0c7e054793bc2e85efdd1be3a2d7adcec08b8f7686d85220bbcab8cf3a39"
  name = "github.com/gobuffalo/packr"
  packages = ["."]
  pruneopts = "UT"
  revision = "4b4a3c432a2e5a17b4f14c971179b40021c67530"
  version = "v2.7.1"

[[projects]]
  digest = "1:ecd9aa82687cf31d1585d4ac61d0ba180e42e8a6182b85bd785fcca8dfeefc1b"
  name = "github.com/joho/godotenv"
  packages = ["."]
  pruneopts = "UT"
  revision = "23d116af351c84513e1946b527c88823e476be13"
  version = "v1.3.0"

[[projects]]
  digest = "1:e09ada96a5a41deda4748b1659cc8953961799e798aea557257b56baee4ecaf3"
  name = "github.com/rogpeppe/go-internal"
  packages = [
    "modfile",
    "module",
    "semver",
  ]
  pruneopts = "UT"
  revision = "bc89b17ba21ce5b8a495fa55a94e3fe32ecf4ed8"
  version = "v1.5.2"

[solve-meta]
  analyzer-name = "dep"
  analyzer-version = 1
  input-imports = [
    "github.com/SpaceStock/go-restify",
    "github.com/SpaceStock/go-restify/scenario",
    "github.com/gobuffalo/packr",
  ]
  solver-name = "gps-cdcl"
  solver-version = 1
